
Microsoft Visual Studio Solution File, Format Version 12.00
# Visual Studio 14
VisualStudioVersion = 14.0.25420.1
MinimumVisualStudioVersion = 10.0.40219.1
Project("{8BC9CEB8-8B4A-11D0-8D11-00A0C91BC942}") = "CNG", "CNG\CNG.vcxproj", "{694E87C0-D634-4213-ACE4-9CE1CA2991CE}"
EndProject
Project("{8BC9CEB8-8B4A-11D0-8D11-00A0C91BC942}") = "GeneralCPP", "GeneralCPP\GeneralCPP.vcxproj", "{B2534317-5957-47FC-BBD6-EFDDFE3A748F}"
EndProject
Project("{8BC9CEB8-8B4A-11D0-8D11-00A0C91BC942}") = "QoS2", "QoS2\QoS2.vcxproj", "{91B956B4-C683-4B62-BD7E-185F3229DD2C}"
EndProject
Project("{8BC9CEB8-8B4A-11D0-8D11-00A0C91BC942}") = "TestCNG", "TestCNG\TestCNG.vcxproj", "{45193C5E-8766-4A74-AE84-BDFEFEFFBADE}"
EndProject
Project("{8BC9CEB8-8B4A-11D0-8D11-00A0C91BC942}") = "Log", "Log\Log.vcxproj", "{B8C8D320-42C8-46E5-BDCE-C8DD919D2D0C}"
EndProject
Project("{2150E333-8FDC-42A3-9474-1A3956D46DE8}") = "Solution Items", "Solution Items", "{D00357BA-D6A3-44B7-829D-4D950CDB112C}"
EndProject
Project("{8BC9CEB8-8B4A-11D0-8D11-00A0C91BC942}") = "OpenSslWrapper", "OpenSslWrapper\OpenSslWrapper.vcxproj", "{A4763836-60BB-43B8-A5B0-5A8E3CBEFA5B}"
EndProject
Global
	GlobalSection(SolutionConfigurationPlatforms) = preSolution
		Debug|Win32 = Debug|Win32
		Debug|x64 = Debug|x64
		Release|Win32 = Release|Win32
		Release|x64 = Release|x64
	EndGlobalSection
	GlobalSection(ProjectConfigurationPlatforms) = postSolution
		{694E87C0-D634-4213-ACE4-9CE1CA2991CE}.Debug|Win32.ActiveCfg = Debug|Win32
		{694E87C0-D634-4213-ACE4-9CE1CA2991CE}.Debug|Win32.Build.0 = Debug|Win32
		{694E87C0-D634-4213-ACE4-9CE1CA2991CE}.Debug|x64.ActiveCfg = Debug|x64
		{694E87C0-D634-4213-ACE4-9CE1CA2991CE}.Debug|x64.Build.0 = Debug|x64
		{694E87C0-D634-4213-ACE4-9CE1CA2991CE}.Release|Win32.ActiveCfg = Release|Win32
		{694E87C0-D634-4213-ACE4-9CE1CA2991CE}.Release|Win32.Build.0 = Release|Win32
		{694E87C0-D634-4213-ACE4-9CE1CA2991CE}.Release|x64.ActiveCfg = Release|x64
		{694E87C0-D634-4213-ACE4-9CE1CA2991CE}.Release|x64.Build.0 = Release|x64
		{B2534317-5957-47FC-BBD6-EFDDFE3A748F}.Debug|Win32.ActiveCfg = Debug|Win32
		{B2534317-5957-47FC-BBD6-EFDDFE3A748F}.Debug|Win32.Build.0 = Debug|Win32
		{B2534317-5957-47FC-BBD6-EFDDFE3A748F}.Debug|x64.ActiveCfg = Debug|x64
		{B2534317-5957-47FC-BBD6-EFDDFE3A748F}.Debug|x64.Build.0 = Debug|x64
		{B2534317-5957-47FC-BBD6-EFDDFE3A748F}.Release|Win32.ActiveCfg = Release|Win32
		{B2534317-5957-47FC-BBD6-EFDDFE3A748F}.Release|Win32.Build.0 = Release|Win32
		{B2534317-5957-47FC-BBD6-EFDDFE3A748F}.Release|x64.ActiveCfg = Release|x64
		{B2534317-5957-47FC-BBD6-EFDDFE3A748F}.Release|x64.Build.0 = Release|x64
		{91B956B4-C683-4B62-BD7E-185F3229DD2C}.Debug|Win32.ActiveCfg = Debug|Win32
		{91B956B4-C683-4B62-BD7E-185F3229DD2C}.Debug|Win32.Build.0 = Debug|Win32
		{91B956B4-C683-4B62-BD7E-185F3229DD2C}.Debug|x64.ActiveCfg = Debug|x64
		{91B956B4-C683-4B62-BD7E-185F3229DD2C}.Debug|x64.Build.0 = Debug|x64
		{91B956B4-C683-4B62-BD7E-185F3229DD2C}.Release|Win32.ActiveCfg = Release|Win32
		{91B956B4-C683-4B62-BD7E-185F3229DD2C}.Release|Win32.Build.0 = Release|Win32
		{91B956B4-C683-4B62-BD7E-185F3229DD2C}.Release|x64.ActiveCfg = Release|x64
		{91B956B4-C683-4B62-BD7E-185F3229DD2C}.Release|x64.Build.0 = Release|x64
		{45193C5E-8766-4A74-AE84-BDFEFEFFBADE}.Debug|Win32.ActiveCfg = Debug|Win32
		{45193C5E-8766-4A74-AE84-BDFEFEFFBADE}.Debug|Win32.Build.0 = Debug|Win32
		{45193C5E-8766-4A74-AE84-BDFEFEFFBADE}.Debug|x64.ActiveCfg = Debug|x64
		{45193C5E-8766-4A74-AE84-BDFEFEFFBADE}.Debug|x64.Build.0 = Debug|x64
		{45193C5E-8766-4A74-AE84-BDFEFEFFBADE}.Release|Win32.ActiveCfg = Release|Win32
		{45193C5E-8766-4A74-AE84-BDFEFEFFBADE}.Release|Win32.Build.0 = Release|Win32
		{45193C5E-8766-4A74-AE84-BDFEFEFFBADE}.Release|x64.ActiveCfg = Release|x64
		{45193C5E-8766-4A74-AE84-BDFEFEFFBADE}.Release|x64.Build.0 = Release|x64
		{B8C8D320-42C8-46E5-BDCE-C8DD919D2D0C}.Debug|Win32.ActiveCfg = Debug|Win32
		{B8C8D320-42C8-46E5-BDCE-C8DD919D2D0C}.Debug|Win32.Build.0 = Debug|Win32
		{B8C8D320-42C8-46E5-BDCE-C8DD919D2D0C}.Debug|x64.ActiveCfg = Debug|x64
		{B8C8D320-42C8-46E5-BDCE-C8DD919D2D0C}.Debug|x64.Build.0 = Debug|x64
		{B8C8D320-42C8-46E5-BDCE-C8DD919D2D0C}.Release|Win32.ActiveCfg = Release|Win32
		{B8C8D320-42C8-46E5-BDCE-C8DD919D2D0C}.Release|Win32.Build.0 = Release|Win32
		{B8C8D320-42C8-46E5-BDCE-C8DD919D2D0C}.Release|x64.ActiveCfg = Release|x64
		{B8C8D320-42C8-46E5-BDCE-C8DD919D2D0C}.Release|x64.Build.0 = Release|x64
		{A4763836-60BB-43B8-A5B0-5A8E3CBEFA5B}.Debug|Win32.ActiveCfg = Debug|Win32
		{A4763836-60BB-43B8-A5B0-5A8E3CBEFA5B}.Debug|Win32.Build.0 = Debug|Win32
		{A4763836-60BB-43B8-A5B0-5A8E3CBEFA5B}.Debug|x64.ActiveCfg = Debug|Win32
		{A4763836-60BB-43B8-A5B0-5A8E3CBEFA5B}.Release|Win32.ActiveCfg = Release|Win32
		{A4763836-60BB-43B8-A5B0-5A8E3CBEFA5B}.Release|Win32.Build.0 = Release|Win32
		{A4763836-60BB-43B8-A5B0-5A8E3CBEFA5B}.Release|x64.ActiveCfg = Release|Win32
	EndGlobalSection
	GlobalSection(SolutionProperties) = preSolution
		HideSolutionNode = FALSE
	EndGlobalSection
EndGlobal
