<?xml version="1.0" encoding="utf-8"?>
<Project ToolsVersion="4.0" xmlns="http://schemas.microsoft.com/developer/msbuild/2003">
  <ItemGroup>
    <Filter Include="Source Files">
      <UniqueIdentifier>{4FC737F1-C7A5-4376-A066-2A32D752A2FF}</UniqueIdentifier>
      <Extensions>cpp;c;cc;cxx;def;odl;idl;hpj;bat;asm;asmx</Extensions>
    </Filter>
    <Filter Include="Header Files">
      <UniqueIdentifier>{93995380-89BD-4b04-88EB-625FBE52EBFB}</UniqueIdentifier>
      <Extensions>h;hpp;hxx;hm;inl;inc;xsd</Extensions>
    </Filter>
    <Filter Include="Resource Files">
      <UniqueIdentifier>{67DA6AB6-F800-4c08-8B7A-83BB121AAD01}</UniqueIdentifier>
      <Extensions>rc;ico;cur;bmp;dlg;rc2;rct;bin;rgs;gif;jpg;jpeg;jpe;resx;tiff;tif;png;wav;mfcribbon-ms</Extensions>
    </Filter>
  </ItemGroup>
  <ItemGroup>
    <ClInclude Include="Starter.h">
      <Filter>Header Files</Filter>
    </ClInclude>
    <ClInclude Include="CNGConfigFunctionTest.h">
      <Filter>Header Files</Filter>
    </ClInclude>
    <ClInclude Include="GeneralCPPTest.h">
      <Filter>Header Files</Filter>
    </ClInclude>
    <ClInclude Include="HashingTest.h">
      <Filter>Header Files</Filter>
    </ClInclude>
    <ClInclude Include="TestLapack.h">
      <Filter>Header Files</Filter>
    </ClInclude>
    <ClInclude Include="CryptTest.h">
      <Filter>Header Files</Filter>
    </ClInclude>
    <ClInclude Include="RNGTest.h">
      <Filter>Header Files</Filter>
    </ClInclude>
    <ClInclude Include="MatlabCompilerTest.h">
      <Filter>Header Files</Filter>
    </ClInclude>
    <ClInclude Include="Common.h">
      <Filter>Header Files</Filter>
    </ClInclude>
    <ClInclude Include="MemoryLeakListener.h">
      <Filter>Header Files</Filter>
    </ClInclude>
    <ClInclude Include="QoS2Test.h">
      <Filter>Header Files</Filter>
    </ClInclude>
    <ClInclude Include="KeyStorageManagerTest.h">
      <Filter>Header Files</Filter>
    </ClInclude>
    <ClInclude Include="MatrixTest.h">
      <Filter>Header Files</Filter>
    </ClInclude>
  </ItemGroup>
  <ItemGroup>
    <ClCompile Include="Starter.cpp">
      <Filter>Source Files</Filter>
    </ClCompile>
    <ClCompile Include="CNGConfigFunctionTest.cpp">
      <Filter>Source Files</Filter>
    </ClCompile>
    <ClCompile Include="GeneralCPPTest.cpp">
      <Filter>Source Files</Filter>
    </ClCompile>
    <ClCompile Include="HashingTest.cpp">
      <Filter>Source Files</Filter>
    </ClCompile>
    <ClCompile Include="TestLapack.cpp">
      <Filter>Source Files</Filter>
    </ClCompile>
    <ClCompile Include="CryptTest.cpp">
      <Filter>Source Files</Filter>
    </ClCompile>
    <ClCompile Include="RNGTest.cpp">
      <Filter>Source Files</Filter>
    </ClCompile>
    <ClCompile Include="MatlabCompilerTest.cpp">
      <Filter>Source Files</Filter>
    </ClCompile>
    <ClCompile Include="MemoryLeakListener.cpp">
      <Filter>Source Files</Filter>
    </ClCompile>
    <ClCompile Include="QoS2Test.cpp">
      <Filter>Source Files</Filter>
    </ClCompile>
    <ClCompile Include="KeyStorageManagerTest.cpp">
      <Filter>Source Files</Filter>
    </ClCompile>
    <ClCompile Include="MatrixTest.cpp">
      <Filter>Source Files</Filter>
    </ClCompile>
  </ItemGroup>
  <ItemGroup>
    <Text Include="documentazione.txt" />
  </ItemGroup>
</Project>